
Microsoft Visual Studio Solution File, Format Version 12.00
# Visual Studio Version 17
VisualStudioVersion = 17.10.35027.167
MinimumVisualStudioVersion = 10.0.40219.1
Project("{FAE04EC0-301F-11D3-BF4B-00C04F79EFBC}") = "problem12", "problem12\problem12.csproj", "{AC62A0A0-E7DC-47D4-AE1A-03A580B8A785}"
EndProject
Global
	GlobalSection(SolutionConfigurationPlatforms) = preSolution
		Debug|Any CPU = Debug|Any CPU
		Release|Any CPU = Release|Any CPU
	EndGlobalSection
	GlobalSection(ProjectConfigurationPlatforms) = postSolution
		{AC62A0A0-E7DC-47D4-AE1A-03A580B8A785}.Debug|Any CPU.ActiveCfg = Debug|Any CPU
		{AC62A0A0-E7DC-47D4-AE1A-03A580B8A785}.Debug|Any CPU.Build.0 = Debug|Any CPU
		{AC62A0A0-E7DC-47D4-AE1A-03A580B8A785}.Release|Any CPU.ActiveCfg = Release|Any CPU
		{AC62A0A0-E7DC-47D4-AE1A-03A580B8A785}.Release|Any CPU.Build.0 = Release|Any CPU
	EndGlobalSection
	GlobalSection(SolutionProperties) = preSolution
		HideSolutionNode = FALSE
	EndGlobalSection
	GlobalSection(ExtensibilityGlobals) = postSolution
		SolutionGuid = {3A80CDF9-29DA-47F9-BD1F-FFD41F2DED3C}
	EndGlobalSection
EndGlobal
